// !$*UTF8*$!
{
	archiveVersion = 1;
	classes = {
	};
	objectVersion = 46;
	objects = {

/* Begin PBXBuildFile section */
		5D8430FC1ED289DD00817905 /* main.m in Sources */ = {isa = PBXBuildFile; fileRef = 5D8430FB1ED289DD00817905 /* main.m */; };
		5D8430FF1ED289DD00817905 /* AppDelegate.m in Sources */ = {isa = PBXBuildFile; fileRef = 5D8430FE1ED289DD00817905 /* AppDelegate.m */; };
		5D8431051ED289DD00817905 /* Main.storyboard in Resources */ = {isa = PBXBuildFile; fileRef = 5D8431031ED289DD00817905 /* Main.storyboard */; };
		5D8431071ED289DD00817905 /* Assets.xcassets in Resources */ = {isa = PBXBuildFile; fileRef = 5D8431061ED289DD00817905 /* Assets.xcassets */; };
		5D84310A1ED289DD00817905 /* LaunchScreen.storyboard in Resources */ = {isa = PBXBuildFile; fileRef = 5D8431081ED289DD00817905 /* LaunchScreen.storyboard */; };
		5D8431131ED28A4F00817905 /* HomeTableViewController.m in Sources */ = {isa = PBXBuildFile; fileRef = 5D8431121ED28A4F00817905 /* HomeTableViewController.m */; };
		5D8431161ED28B5600817905 /* StudentModel.m in Sources */ = {isa = PBXBuildFile; fileRef = 5D8431151ED28B5600817905 /* StudentModel.m */; };
		5D8431191ED28C9B00817905 /* AddViewController.m in Sources */ = {isa = PBXBuildFile; fileRef = 5D8431181ED28C9B00817905 /* AddViewController.m */; };
		5D84311C1ED2913F00817905 /* SQLiteManager.m in Sources */ = {isa = PBXBuildFile; fileRef = 5D84311B1ED2913F00817905 /* SQLiteManager.m */; };
		5D84311F1ED2934F00817905 /* libsqlite3.tbd in Frameworks */ = {isa = PBXBuildFile; fileRef = 5D84311E1ED2934F00817905 /* libsqlite3.tbd */; };
		5D8431231ED2B68400817905 /* StudentTableViewCell.m in Sources */ = {isa = PBXBuildFile; fileRef = 5D8431211ED2B68400817905 /* StudentTableViewCell.m */; };
		5D8431241ED2B68400817905 /* StudentTableViewCell.xib in Resources */ = {isa = PBXBuildFile; fileRef = 5D8431221ED2B68400817905 /* StudentTableViewCell.xib */; };
/* End PBXBuildFile section */

/* Begin PBXFileReference section */
		5D8430F71ED289DD00817905 /* SQLite学习.app */ = {isa = PBXFileReference; explicitFileType = wrapper.application; includeInIndex = 0; path = "SQLite学习.app"; sourceTree = BUILT_PRODUCTS_DIR; };
		5D8430FB1ED289DD00817905 /* main.m */ = {isa = PBXFileReference; lastKnownFileType = sourcecode.c.objc; path = main.m; sourceTree = "<group>"; };
		5D8430FD1ED289DD00817905 /* AppDelegate.h */ = {isa = PBXFileReference; lastKnownFileType = sourcecode.c.h; path = AppDelegate.h; sourceTree = "<group>"; };
		5D8430FE1ED289DD00817905 /* AppDelegate.m */ = {isa = PBXFileReference; lastKnownFileType = sourcecode.c.objc; path = AppDelegate.m; sourceTree = "<group>"; };
		5D8431041ED289DD00817905 /* Base */ = {isa = PBXFileReference; lastKnownFileType = file.storyboard; name = Base; path = Base.lproj/Main.storyboard; sourceTree = "<group>"; };
		5D8431061ED289DD00817905 /* Assets.xcassets */ = {isa = PBXFileReference; lastKnownFileType = folder.assetcatalog; path = Assets.xcassets; sourceTree = "<group>"; };
		5D8431091ED289DD00817905 /* Base */ = {isa = PBXFileReference; lastKnownFileType = file.storyboard; name = Base; path = Base.lproj/LaunchScreen.storyboard; sourceTree = "<group>"; };
		5D84310B1ED289DD00817905 /* Info.plist */ = {isa = PBXFileReference; lastKnownFileType = text.plist.xml; path = Info.plist; sourceTree = "<group>"; };
		5D8431111ED28A4F00817905 /* HomeTableViewController.h */ = {isa = PBXFileReference; fileEncoding = 4; lastKnownFileType = sourcecode.c.h; path = HomeTableViewController.h; sourceTree = "<group>"; };
		5D8431121ED28A4F00817905 /* HomeTableViewController.m */ = {isa = PBXFileReference; fileEncoding = 4; lastKnownFileType = sourcecode.c.objc; path = HomeTableViewController.m; sourceTree = "<group>"; };
		5D8431141ED28B5600817905 /* StudentModel.h */ = {isa = PBXFileReference; fileEncoding = 4; lastKnownFileType = sourcecode.c.h; path = StudentModel.h; sourceTree = "<group>"; };
		5D8431151ED28B5600817905 /* StudentModel.m */ = {isa = PBXFileReference; fileEncoding = 4; lastKnownFileType = sourcecode.c.objc; path = StudentModel.m; sourceTree = "<group>"; };
		5D8431171ED28C9B00817905 /* AddViewController.h */ = {isa = PBXFileReference; fileEncoding = 4; lastKnownFileType = sourcecode.c.h; path = AddViewController.h; sourceTree = "<group>"; };
		5D8431181ED28C9B00817905 /* AddViewController.m */ = {isa = PBXFileReference; fileEncoding = 4; lastKnownFileType = sourcecode.c.objc; path = AddViewController.m; sourceTree = "<group>"; };
		5D84311A1ED2913F00817905 /* SQLiteManager.h */ = {isa = PBXFileReference; fileEncoding = 4; lastKnownFileType = sourcecode.c.h; path = SQLiteManager.h; sourceTree = "<group>"; };
		5D84311B1ED2913F00817905 /* SQLiteManager.m */ = {isa = PBXFileReference; fileEncoding = 4; lastKnownFileType = sourcecode.c.objc; path = SQLiteManager.m; sourceTree = "<group>"; };
		5D84311E1ED2934F00817905 /* libsqlite3.tbd */ = {isa = PBXFileReference; lastKnownFileType = "sourcecode.text-based-dylib-definition"; name = libsqlite3.tbd; path = usr/lib/libsqlite3.tbd; sourceTree = SDKROOT; };
		5D8431201ED2B68400817905 /* StudentTableViewCell.h */ = {isa = PBXFileReference; fileEncoding = 4; lastKnownFileType = sourcecode.c.h; path = StudentTableViewCell.h; sourceTree = "<group>"; };
		5D8431211ED2B68400817905 /* StudentTableViewCell.m */ = {isa = PBXFileReference; fileEncoding = 4; lastKnownFileType = sourcecode.c.objc; path = StudentTableViewCell.m; sourceTree = "<group>"; };
		5D8431221ED2B68400817905 /* StudentTableViewCell.xib */ = {isa = PBXFileReference; fileEncoding = 4; lastKnownFileType = file.xib; path = StudentTableViewCell.xib; sourceTree = "<group>"; };
/* End PBXFileReference section */

/* Begin PBXFrameworksBuildPhase section */
		5D8430F41ED289DD00817905 /* Frameworks */ = {
			isa = PBXFrameworksBuildPhase;
			buildActionMask = 2147483647;
			files = (
				5D84311F1ED2934F00817905 /* libsqlite3.tbd in Frameworks */,
			);
			runOnlyForDeploymentPostprocessing = 0;
		};
/* End PBXFrameworksBuildPhase section */

/* Begin PBXGroup section */
		5D8430EE1ED289DD00817905 = {
			isa = PBXGroup;
			children = (
				5D8430F91ED289DD00817905 /* SQLite学习 */,
				5D8430F81ED289DD00817905 /* Products */,
				5D84311D1ED2934F00817905 /* Frameworks */,
			);
			sourceTree = "<group>";
		};
		5D8430F81ED289DD00817905 /* Products */ = {
			isa = PBXGroup;
			children = (
				5D8430F71ED289DD00817905 /* SQLite学习.app */,
			);
			name = Products;
			sourceTree = "<group>";
		};
		5D8430F91ED289DD00817905 /* SQLite学习 */ = {
			isa = PBXGroup;
			children = (
				5D8430FD1ED289DD00817905 /* AppDelegate.h */,
				5D8430FE1ED289DD00817905 /* AppDelegate.m */,
				5D8431171ED28C9B00817905 /* AddViewController.h */,
				5D8431181ED28C9B00817905 /* AddViewController.m */,
				5D8431111ED28A4F00817905 /* HomeTableViewController.h */,
				5D8431121ED28A4F00817905 /* HomeTableViewController.m */,
				5D8431141ED28B5600817905 /* StudentModel.h */,
				5D8431151ED28B5600817905 /* StudentModel.m */,
				5D8431201ED2B68400817905 /* StudentTableViewCell.h */,
				5D8431211ED2B68400817905 /* StudentTableViewCell.m */,
				5D8431221ED2B68400817905 /* StudentTableViewCell.xib */,
				5D84311A1ED2913F00817905 /* SQLiteManager.h */,
				5D84311B1ED2913F00817905 /* SQLiteManager.m */,
				5D8431031ED289DD00817905 /* Main.storyboard */,
				5D8431061ED289DD00817905 /* Assets.xcassets */,
				5D8431081ED289DD00817905 /* LaunchScreen.storyboard */,
				5D84310B1ED289DD00817905 /* Info.plist */,
				5D8430FA1ED289DD00817905 /* Supporting Files */,
			);
			path = "SQLite学习";
			sourceTree = "<group>";
		};
		5D8430FA1ED289DD00817905 /* Supporting Files */ = {
			isa = PBXGroup;
			children = (
				5D8430FB1ED289DD00817905 /* main.m */,
			);
			name = "Supporting Files";
			sourceTree = "<group>";
		};
		5D84311D1ED2934F00817905 /* Frameworks */ = {
			isa = PBXGroup;
			children = (
				5D84311E1ED2934F00817905 /* libsqlite3.tbd */,
			);
			name = Frameworks;
			sourceTree = "<group>";
		};
/* End PBXGroup section */

/* Begin PBXNativeTarget section */
		5D8430F61ED289DD00817905 /* SQLite学习 */ = {
			isa = PBXNativeTarget;
			buildConfigurationList = 5D84310E1ED289DD00817905 /* Build configuration list for PBXNativeTarget "SQLite学习" */;
			buildPhases = (
				5D8430F31ED289DD00817905 /* Sources */,
				5D8430F41ED289DD00817905 /* Frameworks */,
				5D8430F51ED289DD00817905 /* Resources */,
			);
			buildRules = (
			);
			dependencies = (
			);
			name = "SQLite学习";
			productName = "SQLite学习";
			productReference = 5D8430F71ED289DD00817905 /* SQLite学习.app */;
			productType = "com.apple.product-type.application";
		};
/* End PBXNativeTarget section */

/* Begin PBXProject section */
		5D8430EF1ED289DD00817905 /* Project object */ = {
			isa = PBXProject;
			attributes = {
				LastUpgradeCheck = 0830;
				ORGANIZATIONNAME = zhangxing;
				TargetAttributes = {
					5D8430F61ED289DD00817905 = {
						CreatedOnToolsVersion = 8.3.2;
						ProvisioningStyle = Automatic;
					};
				};
			};
			buildConfigurationList = 5D8430F21ED289DD00817905 /* Build configuration list for PBXProject "SQLite学习" */;
			compatibilityVersion = "Xcode 3.2";
			developmentRegion = English;
			hasScannedForEncodings = 0;
			knownRegions = (
				en,
				Base,
			);
			mainGroup = 5D8430EE1ED289DD00817905;
			productRefGroup = 5D8430F81ED289DD00817905 /* Products */;
			projectDirPath = "";
			projectRoot = "";
			targets = (
				5D8430F61ED289DD00817905 /* SQLite学习 */,
			);
		};
/* End PBXProject section */

/* Begin PBXResourcesBuildPhase section */
		5D8430F51ED289DD00817905 /* Resources */ = {
			isa = PBXResourcesBuildPhase;
			buildActionMask = 2147483647;
			files = (
				5D84310A1ED289DD00817905 /* LaunchScreen.storyboard in Resources */,
				5D8431071ED289DD00817905 /* Assets.xcassets in Resources */,
				5D8431051ED289DD00817905 /* Main.storyboard in Resources */,
				5D8431241ED2B68400817905 /* StudentTableViewCell.xib in Resources */,
			);
			runOnlyForDeploymentPostprocessing = 0;
		};
/* End PBXResourcesBuildPhase section */

/* Begin PBXSourcesBuildPhase section */
		5D8430F31ED289DD00817905 /* Sources */ = {
			isa = PBXSourcesBuildPhase;
			buildActionMask = 2147483647;
			files = (
				5D8431191ED28C9B00817905 /* AddViewController.m in Sources */,
				5D8430FF1ED289DD00817905 /* AppDelegate.m in Sources */,
				5D8431161ED28B5600817905 /* StudentModel.m in Sources */,
				5D8431231ED2B68400817905 /* StudentTableViewCell.m in Sources */,
				5D8431131ED28A4F00817905 /* HomeTableViewController.m in Sources */,
				5D8430FC1ED289DD00817905 /* main.m in Sources */,
				5D84311C1ED2913F00817905 /* SQLiteManager.m in Sources */,
			);
			runOnlyForDeploymentPostprocessing = 0;
		};
/* End PBXSourcesBuildPhase section */

/* Begin PBXVariantGroup section */
		5D8431031ED289DD00817905 /* Main.storyboard */ = {
			isa = PBXVariantGroup;
			children = (
				5D8431041ED289DD00817905 /* Base */,
			);
			name = Main.storyboard;
			sourceTree = "<group>";
		};
		5D8431081ED289DD00817905 /* LaunchScreen.storyboard */ = {
			isa = PBXVariantGroup;
			children = (
				5D8431091ED289DD00817905 /* Base */,
			);
			name = LaunchScreen.storyboard;
			sourceTree = "<group>";
		};
/* End PBXVariantGroup section */

/* Begin XCBuildConfiguration section */
		5D84310C1ED289DD00817905 /* Debug */ = {
			isa = XCBuildConfiguration;
			buildSettings = {
				ALWAYS_SEARCH_USER_PATHS = NO;
				CLANG_ANALYZER_NONNULL = YES;
				CLANG_ANALYZER_NUMBER_OBJECT_CONVERSION = YES_AGGRESSIVE;
				CLANG_CXX_LANGUAGE_STANDARD = "gnu++0x";
				CLANG_CXX_LIBRARY = "libc++";
				CLANG_ENABLE_MODULES = YES;
				CLANG_ENABLE_OBJC_ARC = YES;
				CLANG_WARN_BOOL_CONVERSION = YES;
				CLANG_WARN_CONSTANT_CONVERSION = YES;
				CLANG_WARN_DIRECT_OBJC_ISA_USAGE = YES_ERROR;
				CLANG_WARN_DOCUMENTATION_COMMENTS = YES;
				CLANG_WARN_EMPTY_BODY = YES;
				CLANG_WARN_ENUM_CONVERSION = YES;
				CLANG_WARN_INFINITE_RECURSION = YES;
				CLANG_WARN_INT_CONVERSION = YES;
				CLANG_WARN_OBJC_ROOT_CLASS = YES_ERROR;
				CLANG_WARN_SUSPICIOUS_MOVE = YES;
				CLANG_WARN_UNREACHABLE_CODE = YES;
				CLANG_WARN__DUPLICATE_METHOD_MATCH = YES;
				"CODE_SIGN_IDENTITY[sdk=iphoneos*]" = "iPhone Developer";
				COPY_PHASE_STRIP = NO;
				DEBUG_INFORMATION_FORMAT = dwarf;
				ENABLE_STRICT_OBJC_MSGSEND = YES;
				ENABLE_TESTABILITY = YES;
				GCC_C_LANGUAGE_STANDARD = gnu99;
				GCC_DYNAMIC_NO_PIC = NO;
				GCC_NO_COMMON_BLOCKS = YES;
				GCC_OPTIMIZATION_LEVEL = 0;
				GCC_PREPROCESSOR_DEFINITIONS = (
					"DEBUG=1",
					"$(inherited)",
				);
				GCC_WARN_64_TO_32_BIT_CONVERSION = YES;
				GCC_WARN_ABOUT_RETURN_TYPE = YES_ERROR;
				GCC_WARN_UNDECLARED_SELECTOR = YES;
				GCC_WARN_UNINITIALIZED_AUTOS = YES_AGGRESSIVE;
				GCC_WARN_UNUSED_FUNCTION = YES;
				GCC_WARN_UNUSED_VARIABLE = YES;
				IPHONEOS_DEPLOYMENT_TARGET = 10.3;
				MTL_ENABLE_DEBUG_INFO = YES;
				ONLY_ACTIVE_ARCH = YES;
				SDKROOT = iphoneos;
			};
			name = Debug;
		};
		5D84310D1ED289DD00817905 /* Release */ = {
			isa = XCBuildConfiguration;
			buildSettings = {
				ALWAYS_SEARCH_USER_PATHS = NO;
				CLANG_ANALYZER_NONNULL = YES;
				CLANG_ANALYZER_NUMBER_OBJECT_CONVERSION = YES_AGGRESSIVE;
				CLANG_CXX_LANGUAGE_STANDARD = "gnu++0x";
				CLANG_CXX_LIBRARY = "libc++";
				CLANG_ENABLE_MODULES = YES;
				CLANG_ENABLE_OBJC_ARC = YES;
				CLANG_WARN_BOOL_CONVERSION = YES;
				CLANG_WARN_CONSTANT_CONVERSION = YES;
				CLANG_WARN_DIRECT_OBJC_ISA_USAGE = YES_ERROR;
				CLANG_WARN_DOCUMENTATION_COMMENTS = YES;
				CLANG_WARN_EMPTY_BODY = YES;
				CLANG_WARN_ENUM_CONVERSION = YES;
				CLANG_WARN_INFINITE_RECURSION = YES;
				CLANG_WARN_INT_CONVERSION = YES;
				CLANG_WARN_OBJC_ROOT_CLASS = YES_ERROR;
				CLANG_WARN_SUSPICIOUS_MOVE = YES;
				CLANG_WARN_UNREACHABLE_CODE = YES;
				CLANG_WARN__DUPLICATE_METHOD_MATCH = YES;
				"CODE_SIGN_IDENTITY[sdk=iphoneos*]" = "iPhone Developer";
				COPY_PHASE_STRIP = NO;
				DEBUG_INFORMATION_FORMAT = "dwarf-with-dsym";
				ENABLE_NS_ASSERTIONS = NO;
				ENABLE_STRICT_OBJC_MSGSEND = YES;
				GCC_C_LANGUAGE_STANDARD = gnu99;
				GCC_NO_COMMON_BLOCKS = YES;
				GCC_WARN_64_TO_32_BIT_CONVERSION = YES;
				GCC_WARN_ABOUT_RETURN_TYPE = YES_ERROR;
				GCC_WARN_UNDECLARED_SELECTOR = YES;
				GCC_WARN_UNINITIALIZED_AUTOS = YES_AGGRESSIVE;
				GCC_WARN_UNUSED_FUNCTION = YES;
				GCC_WARN_UNUSED_VARIABLE = YES;
				IPHONEOS_DEPLOYMENT_TARGET = 10.3;
				MTL_ENABLE_DEBUG_INFO = NO;
				SDKROOT = iphoneos;
				VALIDATE_PRODUCT = YES;
			};
			name = Release;
		};
		5D84310F1ED289DD00817905 /* Debug */ = {
			isa = XCBuildConfiguration;
			buildSettings = {
				ASSETCATALOG_COMPILER_APPICON_NAME = AppIcon;
				INFOPLIST_FILE = "SQLite学习/Info.plist";
				LD_RUNPATH_SEARCH_PATHS = "$(inherited) @executable_path/Frameworks";
				PRODUCT_BUNDLE_IDENTIFIER = "com.zhangxing.SQLite--";
				PRODUCT_NAME = "$(TARGET_NAME)";
			};
			name = Debug;
		};
		5D8431101ED289DD00817905 /* Release */ = {
			isa = XCBuildConfiguration;
			buildSettings = {
				ASSETCATALOG_COMPILER_APPICON_NAME = AppIcon;
				INFOPLIST_FILE = "SQLite学习/Info.plist";
				LD_RUNPATH_SEARCH_PATHS = "$(inherited) @executable_path/Frameworks";
				PRODUCT_BUNDLE_IDENTIFIER = "com.zhangxing.SQLite--";
				PRODUCT_NAME = "$(TARGET_NAME)";
			};
			name = Release;
		};
/* End XCBuildConfiguration section */

/* Begin XCConfigurationList section */
		5D8430F21ED289DD00817905 /* Build configuration list for PBXProject "SQLite学习" */ = {
			isa = XCConfigurationList;
			buildConfigurations = (
				5D84310C1ED289DD00817905 /* Debug */,
				5D84310D1ED289DD00817905 /* Release */,
			);
			defaultConfigurationIsVisible = 0;
			defaultConfigurationName = Release;
		};
		5D84310E1ED289DD00817905 /* Build configuration list for PBXNativeTarget "SQLite学习" */ = {
			isa = XCConfigurationList;
			buildConfigurations = (
				5D84310F1ED289DD00817905 /* Debug */,
				5D8431101ED289DD00817905 /* Release */,
			);
			defaultConfigurationIsVisible = 0;
		};
/* End XCConfigurationList section */
	};
	rootObject = 5D8430EF1ED289DD00817905 /* Project object */;
}
